{
  "name": "fng-ui-select",
  "version": "0.12.0-beta.12",
  "lockfileVersion": 1,
  "requires": true,
  "dependencies": {
    "mkdirp": {
      "version": "0.3.5",
      "resolved": "https://registry.npmjs.org/mkdirp/-/mkdirp-0.3.5.tgz",
      "integrity": "sha1-3j5fiWHIjHh+4TaN+EmsRBPsqNc=",
      "dev": true
    },
    "protractor-screenshot-reporter": {
      "version": "0.0.4",
      "resolved": "https://registry.npmjs.org/protractor-screenshot-reporter/-/protractor-screenshot-reporter-0.0.4.tgz",
      "integrity": "sha1-XjQNj+eBfLAQJOJnBOUrk+8COhI=",
      "dev": true,
      "requires": {
        "mkdirp": "~0.3.5"
      }
    },
    "select2": {
      "version": "3.4.3",
      "resolved": "https://registry.npmjs.org/select2/-/select2-3.4.3.tgz",
      "integrity": "sha1-gLBcUQuHhWLcSurQ7CzaiMCcZgM="
    },
    "ui-select": {
      "version": "0.19.6",
      "resolved": "https://registry.npmjs.org/ui-select/-/ui-select-0.19.6.tgz",
      "integrity": "sha1-moJOydWwTD/cdIP6R0bdPFKNh6s="
    }
  }
}
