{
  "name": "fng-ui-select",
  "version": "0.12.0-beta.314",
  "lockfileVersion": 3,
  "requires": true,
  "packages": {
    "": {
      "name": "fng-ui-select",
      "version": "0.12.0-beta.314",
      "license": "MIT",
      "dependencies": {
        "select2": "^4.0.6",
        "ui-select": "^0.19.8"
      },
      "devDependencies": {
        "@playwright/test": "^1.46.1",
        "@types/node": "^20.14.8"
      },
      "engines": {
        "node": ">=0.10.0"
      }
    },
    "node_modules/@playwright/test": {
      "version": "1.51.1",
      "resolved": "https://registry.npmjs.org/@playwright/test/-/test-1.51.1.tgz",
      "integrity": "sha512-nM+kEaTSAoVlXmMPH10017vn3FSiFqr/bh4fKg9vmAdMfd9SDqRZNvPSiAHADc/itWak+qPvMPZQOPwCBW7k7Q==",
      "dev": true,
      "license": "Apache-2.0",
      "dependencies": {
        "playwright": "1.51.1"
      },
      "bin": {
        "playwright": "cli.js"
      },
      "engines": {
        "node": ">=18"
      }
    },
    "node_modules/@types/node": {
      "version": "20.17.30",
      "resolved": "https://registry.npmjs.org/@types/node/-/node-20.17.30.tgz",
      "integrity": "sha512-7zf4YyHA+jvBNfVrk2Gtvs6x7E8V+YDW05bNfG2XkWDJfYRXrTiP/DsB2zSYTaHX0bGIujTBQdMVAhb+j7mwpg==",
      "dev": true,
      "license": "MIT",
      "dependencies": {
        "undici-types": "~6.19.2"
      }
    },
    "node_modules/almond": {
      "version": "0.3.3",
      "resolved": "https://registry.npmjs.org/almond/-/almond-0.3.3.tgz",
      "integrity": "sha512-Eh5QhyxrKnTI0OuGpwTRvzRrnu1NF3F2kbQJRwpXj/uMy0uycwqw2/RhdDrD1cBTD1JFFHFrxGIU8HQztowR0g==",
      "license": "MIT",
      "engines": {
        "node": ">=0.4.0"
      }
    },
    "node_modules/fsevents": {
      "version": "2.3.2",
      "resolved": "https://registry.npmjs.org/fsevents/-/fsevents-2.3.2.tgz",
      "integrity": "sha512-xiqMQR4xAeHTuB9uWm+fFRcIOgKBMiOBP+eXiyT7jsgVCq1bkVygt00oASowB7EdtpOHaaPgKt812P9ab+DDKA==",
      "dev": true,
      "hasInstallScript": true,
      "license": "MIT",
      "optional": true,
      "os": [
        "darwin"
      ],
      "engines": {
        "node": "^8.16.0 || ^10.6.0 || >=11.0.0"
      }
    },
    "node_modules/jquery-mousewheel": {
      "version": "3.1.13",
      "resolved": "https://registry.npmjs.org/jquery-mousewheel/-/jquery-mousewheel-3.1.13.tgz",
      "integrity": "sha512-GXhSjfOPyDemM005YCEHvzrEALhKDIswtxSHSR2e4K/suHVJKJxxRCGz3skPjNxjJjQa9AVSGGlYjv1M3VLIPg=="
    },
    "node_modules/playwright": {
      "version": "1.51.1",
      "resolved": "https://registry.npmjs.org/playwright/-/playwright-1.51.1.tgz",
      "integrity": "sha512-kkx+MB2KQRkyxjYPc3a0wLZZoDczmppyGJIvQ43l+aZihkaVvmu/21kiyaHeHjiFxjxNNFnUncKmcGIyOojsaw==",
      "dev": true,
      "license": "Apache-2.0",
      "dependencies": {
        "playwright-core": "1.51.1"
      },
      "bin": {
        "playwright": "cli.js"
      },
      "engines": {
        "node": ">=18"
      },
      "optionalDependencies": {
        "fsevents": "2.3.2"
      }
    },
    "node_modules/playwright-core": {
      "version": "1.51.1",
      "resolved": "https://registry.npmjs.org/playwright-core/-/playwright-core-1.51.1.tgz",
      "integrity": "sha512-/crRMj8+j/Nq5s8QcvegseuyeZPxpQCZb6HNk3Sos3BlZyAknRjoyJPFWkpNn8v0+P3WiwqFF8P+zQo4eqiNuw==",
      "dev": true,
      "license": "Apache-2.0",
      "bin": {
        "playwright-core": "cli.js"
      },
      "engines": {
        "node": ">=18"
      }
    },
    "node_modules/select2": {
      "version": "4.0.6",
      "resolved": "https://registry.npmjs.org/select2/-/select2-4.0.6.tgz",
      "integrity": "sha512-P5NqUcH+FFBwHAbC2mEWMDS446YdIGvXRM9tSGFLuNIFRP/ng0IOtjJ4zkzVyCl43RM/NyXJa6SAPT9MGg634A==",
      "license": "MIT",
      "dependencies": {
        "almond": "~0.3.1",
        "jquery-mousewheel": "~3.1.13"
      }
    },
    "node_modules/ui-select": {
      "version": "0.19.8",
      "resolved": "https://registry.npmjs.org/ui-select/-/ui-select-0.19.8.tgz",
      "integrity": "sha512-NSHm75s46oGph4BWUSQ4mgAGdZs0/YTP5nNo0efuwHBCPtTlye8zLSSxi3P5r1jI/BD9bJ8ODXyYWPoJZTRImQ==",
      "license": "MIT"
    },
    "node_modules/undici-types": {
      "version": "6.19.8",
      "resolved": "https://registry.npmjs.org/undici-types/-/undici-types-6.19.8.tgz",
      "integrity": "sha512-ve2KP6f/JnbPBFyobGHuerC9g1FYGn/F8n1LWTwNxCEzd6IfqTwUQcNXgEtmmQ6DlRrC1hrSrBnCZPokRrDHjw==",
      "dev": true,
      "license": "MIT"
    }
  }
}
